version: 1.0
shards:
  crecto:
    github: crecto/crecto
    version: 0.6.0

  db:
    github: crystal-lang/crystal-db
    version: 0.4.2

  micrate:
    github: juanedi/micrate
    version: 0.3.0

  pg:
    github: will/crystal-pg
    version: 0.13.3

  seg:
    github: soveran/seg
    commit: 82e39885ae67a270c0e0830a842936990a77563e

  toro:
    github: soveran/toro
    version: 0.4.0

